
Microsoft Visual Studio Solution File, Format Version 12.00
# Visual Studio Version 17
VisualStudioVersion = 17.0.31903.59
MinimumVisualStudioVersion = 10.0.40219.1
Project("{2150E333-8FDC-42A3-9474-1A3956D46DE8}") = "src", "src", "{9D4F6A93-CCF5-4A59-81BC-94F6EE38124D}"
EndProject
Project("{2150E333-8FDC-42A3-9474-1A3956D46DE8}") = "BidConReport", "BidConReport", "{0E403F48-F56E-489D-B9A3-3870BC6FAA01}"
EndProject
Project("{9A19103F-16F7-4668-BE54-9A1E7A4F7556}") = "LicenseServer", "src\LicenseServer\LicenseServer.csproj", "{93B97ED3-8837-4CC3-9048-82A4EF54E399}"
EndProject
Project("{9A19103F-16F7-4668-BE54-9A1E7A4F7556}") = "BidConReport.Client", "src\BidConReport\Client\BidConReport.Client.csproj", "{C0546BCD-7BB0-4302-8806-1EB0B033C798}"
EndProject
Project("{9A19103F-16F7-4668-BE54-9A1E7A4F7556}") = "BidConReport.DesktopBridge", "src\BidConReport\DesktopBridge\BidConReport.DesktopBridge.csproj", "{F24243D0-61FB-4DC5-B29B-A6A5746CEE4A}"
EndProject
Project("{9A19103F-16F7-4668-BE54-9A1E7A4F7556}") = "PublicWorkerWasmClient", "src\BidConReport\PublicWorkerWasmClient\PublicWorkerWasmClient.csproj", "{843ED486-9752-48EC-947D-575E9A63617E}"
EndProject
Project("{9A19103F-16F7-4668-BE54-9A1E7A4F7556}") = "BidConReport.Server", "src\BidConReport\Server\BidConReport.Server.csproj", "{5A24CEE1-6A81-4048-BA69-4352E331306D}"
EndProject
Project("{9A19103F-16F7-4668-BE54-9A1E7A4F7556}") = "BidConReport.Shared", "src\BidConReport\Shared\BidConReport.Shared.csproj", "{94CD004E-EB35-493E-99B2-C78EEF764935}"
EndProject
Project("{9A19103F-16F7-4668-BE54-9A1E7A4F7556}") = "SharedLibrary", "src\SharedLibrary\SharedLibrary.csproj", "{AA14C89A-5336-4305-81ED-E62D37A73B95}"
EndProject
Global
	GlobalSection(SolutionConfigurationPlatforms) = preSolution
		Debug|Any CPU = Debug|Any CPU
		Release|Any CPU = Release|Any CPU
	EndGlobalSection
	GlobalSection(ProjectConfigurationPlatforms) = postSolution
		{93B97ED3-8837-4CC3-9048-82A4EF54E399}.Debug|Any CPU.ActiveCfg = Debug|Any CPU
		{93B97ED3-8837-4CC3-9048-82A4EF54E399}.Debug|Any CPU.Build.0 = Debug|Any CPU
		{93B97ED3-8837-4CC3-9048-82A4EF54E399}.Release|Any CPU.ActiveCfg = Release|Any CPU
		{93B97ED3-8837-4CC3-9048-82A4EF54E399}.Release|Any CPU.Build.0 = Release|Any CPU
		{C0546BCD-7BB0-4302-8806-1EB0B033C798}.Debug|Any CPU.ActiveCfg = Debug|Any CPU
		{C0546BCD-7BB0-4302-8806-1EB0B033C798}.Debug|Any CPU.Build.0 = Debug|Any CPU
		{C0546BCD-7BB0-4302-8806-1EB0B033C798}.Release|Any CPU.ActiveCfg = Release|Any CPU
		{C0546BCD-7BB0-4302-8806-1EB0B033C798}.Release|Any CPU.Build.0 = Release|Any CPU
		{F24243D0-61FB-4DC5-B29B-A6A5746CEE4A}.Debug|Any CPU.ActiveCfg = Debug|Any CPU
		{F24243D0-61FB-4DC5-B29B-A6A5746CEE4A}.Debug|Any CPU.Build.0 = Debug|Any CPU
		{F24243D0-61FB-4DC5-B29B-A6A5746CEE4A}.Release|Any CPU.ActiveCfg = Release|Any CPU
		{F24243D0-61FB-4DC5-B29B-A6A5746CEE4A}.Release|Any CPU.Build.0 = Release|Any CPU
		{843ED486-9752-48EC-947D-575E9A63617E}.Debug|Any CPU.ActiveCfg = Debug|Any CPU
		{843ED486-9752-48EC-947D-575E9A63617E}.Debug|Any CPU.Build.0 = Debug|Any CPU
		{843ED486-9752-48EC-947D-575E9A63617E}.Release|Any CPU.ActiveCfg = Release|Any CPU
		{843ED486-9752-48EC-947D-575E9A63617E}.Release|Any CPU.Build.0 = Release|Any CPU
		{5A24CEE1-6A81-4048-BA69-4352E331306D}.Debug|Any CPU.ActiveCfg = Debug|Any CPU
		{5A24CEE1-6A81-4048-BA69-4352E331306D}.Debug|Any CPU.Build.0 = Debug|Any CPU
		{5A24CEE1-6A81-4048-BA69-4352E331306D}.Release|Any CPU.ActiveCfg = Release|Any CPU
		{5A24CEE1-6A81-4048-BA69-4352E331306D}.Release|Any CPU.Build.0 = Release|Any CPU
		{94CD004E-EB35-493E-99B2-C78EEF764935}.Debug|Any CPU.ActiveCfg = Debug|Any CPU
		{94CD004E-EB35-493E-99B2-C78EEF764935}.Debug|Any CPU.Build.0 = Debug|Any CPU
		{94CD004E-EB35-493E-99B2-C78EEF764935}.Release|Any CPU.ActiveCfg = Release|Any CPU
		{94CD004E-EB35-493E-99B2-C78EEF764935}.Release|Any CPU.Build.0 = Release|Any CPU
		{AA14C89A-5336-4305-81ED-E62D37A73B95}.Debug|Any CPU.ActiveCfg = Debug|Any CPU
		{AA14C89A-5336-4305-81ED-E62D37A73B95}.Debug|Any CPU.Build.0 = Debug|Any CPU
		{AA14C89A-5336-4305-81ED-E62D37A73B95}.Release|Any CPU.ActiveCfg = Release|Any CPU
		{AA14C89A-5336-4305-81ED-E62D37A73B95}.Release|Any CPU.Build.0 = Release|Any CPU
	EndGlobalSection
	GlobalSection(SolutionProperties) = preSolution
		HideSolutionNode = FALSE
	EndGlobalSection
	GlobalSection(NestedProjects) = preSolution
		{0E403F48-F56E-489D-B9A3-3870BC6FAA01} = {9D4F6A93-CCF5-4A59-81BC-94F6EE38124D}
		{93B97ED3-8837-4CC3-9048-82A4EF54E399} = {9D4F6A93-CCF5-4A59-81BC-94F6EE38124D}
		{C0546BCD-7BB0-4302-8806-1EB0B033C798} = {0E403F48-F56E-489D-B9A3-3870BC6FAA01}
		{F24243D0-61FB-4DC5-B29B-A6A5746CEE4A} = {0E403F48-F56E-489D-B9A3-3870BC6FAA01}
		{843ED486-9752-48EC-947D-575E9A63617E} = {0E403F48-F56E-489D-B9A3-3870BC6FAA01}
		{5A24CEE1-6A81-4048-BA69-4352E331306D} = {0E403F48-F56E-489D-B9A3-3870BC6FAA01}
		{94CD004E-EB35-493E-99B2-C78EEF764935} = {0E403F48-F56E-489D-B9A3-3870BC6FAA01}
		{AA14C89A-5336-4305-81ED-E62D37A73B95} = {9D4F6A93-CCF5-4A59-81BC-94F6EE38124D}
	EndGlobalSection
	GlobalSection(ExtensibilityGlobals) = postSolution
		SolutionGuid = {330721B9-E9A0-40E7-94AF-5C66478EFEFB}
	EndGlobalSection
EndGlobal
