
Microsoft Visual Studio Solution File, Format Version 12.00
# Visual Studio Version 17
VisualStudioVersion = 17.0.31903.59
MinimumVisualStudioVersion = 10.0.40219.1
Project("{2150E333-8FDC-42A3-9474-1A3956D46DE8}") = "src", "src", "{9D4F6A93-CCF5-4A59-81BC-94F6EE38124D}"
EndProject
Project("{2150E333-8FDC-42A3-9474-1A3956D46DE8}") = "BidConReport", "BidConReport", "{0E403F48-F56E-489D-B9A3-3870BC6FAA01}"
EndProject
Project("{9A19103F-16F7-4668-BE54-9A1E7A4F7556}") = "PublicWorkerWasmClient", "src\BidConExport\PublicWorkerWasmClient\PublicWorkerWasmClient.csproj", "{72CB7B17-C174-492F-A7CD-684A4B289EB6}"
EndProject
Project("{9A19103F-16F7-4668-BE54-9A1E7A4F7556}") = "BidConReport.DesktopBridge", "src\BidConExport\DesktopBridge\BidConReport.DesktopBridge.csproj", "{5A21470C-2A57-4205-B16F-D6B958358FC9}"
EndProject
Project("{2150E333-8FDC-42A3-9474-1A3956D46DE8}") = "Shared", "Shared", "{DB95A27D-D372-44E1-B1F2-EFF2A9013434}"
EndProject
Project("{9A19103F-16F7-4668-BE54-9A1E7A4F7556}") = "BidConReport.Client", "src\BidConExport\Client\BidConReport.Client.csproj", "{51D71719-0C4B-4136-8DEA-287810233E84}"
EndProject
Project("{9A19103F-16F7-4668-BE54-9A1E7A4F7556}") = "BidConReport.Server", "src\BidConExport\Server\BidConReport.Server.csproj", "{C2CB65FC-F043-4D0F-B19F-A1663C67B6E4}"
EndProject
Project("{9A19103F-16F7-4668-BE54-9A1E7A4F7556}") = "BidConReport.Shared", "src\BidConExport\Shared\BidConReport.Shared.csproj", "{EDED0005-B83B-4C90-8152-F28F50055F28}"
EndProject
Global
	GlobalSection(SolutionConfigurationPlatforms) = preSolution
		Debug|Any CPU = Debug|Any CPU
		Release|Any CPU = Release|Any CPU
	EndGlobalSection
	GlobalSection(ProjectConfigurationPlatforms) = postSolution
		{72CB7B17-C174-492F-A7CD-684A4B289EB6}.Debug|Any CPU.ActiveCfg = Debug|Any CPU
		{72CB7B17-C174-492F-A7CD-684A4B289EB6}.Debug|Any CPU.Build.0 = Debug|Any CPU
		{72CB7B17-C174-492F-A7CD-684A4B289EB6}.Release|Any CPU.ActiveCfg = Release|Any CPU
		{72CB7B17-C174-492F-A7CD-684A4B289EB6}.Release|Any CPU.Build.0 = Release|Any CPU
		{5A21470C-2A57-4205-B16F-D6B958358FC9}.Debug|Any CPU.ActiveCfg = Debug|Any CPU
		{5A21470C-2A57-4205-B16F-D6B958358FC9}.Debug|Any CPU.Build.0 = Debug|Any CPU
		{5A21470C-2A57-4205-B16F-D6B958358FC9}.Release|Any CPU.ActiveCfg = Release|Any CPU
		{5A21470C-2A57-4205-B16F-D6B958358FC9}.Release|Any CPU.Build.0 = Release|Any CPU
		{51D71719-0C4B-4136-8DEA-287810233E84}.Debug|Any CPU.ActiveCfg = Debug|Any CPU
		{51D71719-0C4B-4136-8DEA-287810233E84}.Debug|Any CPU.Build.0 = Debug|Any CPU
		{51D71719-0C4B-4136-8DEA-287810233E84}.Release|Any CPU.ActiveCfg = Release|Any CPU
		{51D71719-0C4B-4136-8DEA-287810233E84}.Release|Any CPU.Build.0 = Release|Any CPU
		{C2CB65FC-F043-4D0F-B19F-A1663C67B6E4}.Debug|Any CPU.ActiveCfg = Debug|Any CPU
		{C2CB65FC-F043-4D0F-B19F-A1663C67B6E4}.Debug|Any CPU.Build.0 = Debug|Any CPU
		{C2CB65FC-F043-4D0F-B19F-A1663C67B6E4}.Release|Any CPU.ActiveCfg = Release|Any CPU
		{C2CB65FC-F043-4D0F-B19F-A1663C67B6E4}.Release|Any CPU.Build.0 = Release|Any CPU
		{EDED0005-B83B-4C90-8152-F28F50055F28}.Debug|Any CPU.ActiveCfg = Debug|Any CPU
		{EDED0005-B83B-4C90-8152-F28F50055F28}.Debug|Any CPU.Build.0 = Debug|Any CPU
		{EDED0005-B83B-4C90-8152-F28F50055F28}.Release|Any CPU.ActiveCfg = Release|Any CPU
		{EDED0005-B83B-4C90-8152-F28F50055F28}.Release|Any CPU.Build.0 = Release|Any CPU
	EndGlobalSection
	GlobalSection(SolutionProperties) = preSolution
		HideSolutionNode = FALSE
	EndGlobalSection
	GlobalSection(NestedProjects) = preSolution
		{0E403F48-F56E-489D-B9A3-3870BC6FAA01} = {9D4F6A93-CCF5-4A59-81BC-94F6EE38124D}
		{72CB7B17-C174-492F-A7CD-684A4B289EB6} = {0E403F48-F56E-489D-B9A3-3870BC6FAA01}
		{5A21470C-2A57-4205-B16F-D6B958358FC9} = {0E403F48-F56E-489D-B9A3-3870BC6FAA01}
		{DB95A27D-D372-44E1-B1F2-EFF2A9013434} = {9D4F6A93-CCF5-4A59-81BC-94F6EE38124D}
		{51D71719-0C4B-4136-8DEA-287810233E84} = {0E403F48-F56E-489D-B9A3-3870BC6FAA01}
		{C2CB65FC-F043-4D0F-B19F-A1663C67B6E4} = {0E403F48-F56E-489D-B9A3-3870BC6FAA01}
		{EDED0005-B83B-4C90-8152-F28F50055F28} = {0E403F48-F56E-489D-B9A3-3870BC6FAA01}
	EndGlobalSection
	GlobalSection(ExtensibilityGlobals) = postSolution
		SolutionGuid = {330721B9-E9A0-40E7-94AF-5C66478EFEFB}
	EndGlobalSection
EndGlobal
