
Microsoft Visual Studio Solution File, Format Version 12.00
# Visual Studio Version 17
VisualStudioVersion = 17.5.33627.172
MinimumVisualStudioVersion = 10.0.40219.1
Project("{9A19103F-16F7-4668-BE54-9A1E7A4F7556}") = "Admin.Client", "Client\Admin.Client.csproj", "{5B027FFE-7CD7-417E-8834-CA73D93C0253}"
EndProject
Project("{9A19103F-16F7-4668-BE54-9A1E7A4F7556}") = "Admin.Server", "Server\Admin.Server.csproj", "{F4669FB8-52F1-4901-85D5-7D8F61E216E4}"
EndProject
Project("{9A19103F-16F7-4668-BE54-9A1E7A4F7556}") = "Admin.Shared", "Shared\Admin.Shared.csproj", "{59CAE00F-B893-4157-A980-D16CE8F3B50E}"
EndProject
Project("{9A19103F-16F7-4668-BE54-9A1E7A4F7556}") = "SharedWasmLibrary", "..\Shared Libraries\SharedWasmLibrary\SharedWasmLibrary.csproj", "{6FEFAE15-84F7-47DC-947C-F2613C268CEE}"
EndProject
Global
	GlobalSection(SolutionConfigurationPlatforms) = preSolution
		Debug|Any CPU = Debug|Any CPU
		Release|Any CPU = Release|Any CPU
	EndGlobalSection
	GlobalSection(ProjectConfigurationPlatforms) = postSolution
		{5B027FFE-7CD7-417E-8834-CA73D93C0253}.Debug|Any CPU.ActiveCfg = Debug|Any CPU
		{5B027FFE-7CD7-417E-8834-CA73D93C0253}.Debug|Any CPU.Build.0 = Debug|Any CPU
		{5B027FFE-7CD7-417E-8834-CA73D93C0253}.Release|Any CPU.ActiveCfg = Release|Any CPU
		{5B027FFE-7CD7-417E-8834-CA73D93C0253}.Release|Any CPU.Build.0 = Release|Any CPU
		{F4669FB8-52F1-4901-85D5-7D8F61E216E4}.Debug|Any CPU.ActiveCfg = Debug|Any CPU
		{F4669FB8-52F1-4901-85D5-7D8F61E216E4}.Debug|Any CPU.Build.0 = Debug|Any CPU
		{F4669FB8-52F1-4901-85D5-7D8F61E216E4}.Release|Any CPU.ActiveCfg = Release|Any CPU
		{F4669FB8-52F1-4901-85D5-7D8F61E216E4}.Release|Any CPU.Build.0 = Release|Any CPU
		{59CAE00F-B893-4157-A980-D16CE8F3B50E}.Debug|Any CPU.ActiveCfg = Debug|Any CPU
		{59CAE00F-B893-4157-A980-D16CE8F3B50E}.Debug|Any CPU.Build.0 = Debug|Any CPU
		{59CAE00F-B893-4157-A980-D16CE8F3B50E}.Release|Any CPU.ActiveCfg = Release|Any CPU
		{59CAE00F-B893-4157-A980-D16CE8F3B50E}.Release|Any CPU.Build.0 = Release|Any CPU
		{6FEFAE15-84F7-47DC-947C-F2613C268CEE}.Debug|Any CPU.ActiveCfg = Debug|Any CPU
		{6FEFAE15-84F7-47DC-947C-F2613C268CEE}.Debug|Any CPU.Build.0 = Debug|Any CPU
		{6FEFAE15-84F7-47DC-947C-F2613C268CEE}.Release|Any CPU.ActiveCfg = Release|Any CPU
		{6FEFAE15-84F7-47DC-947C-F2613C268CEE}.Release|Any CPU.Build.0 = Release|Any CPU
	EndGlobalSection
	GlobalSection(SolutionProperties) = preSolution
		HideSolutionNode = FALSE
	EndGlobalSection
	GlobalSection(ExtensibilityGlobals) = postSolution
		SolutionGuid = {BE9DDC4A-3E63-479F-8448-2E555BD7A203}
	EndGlobalSection
EndGlobal
