
Microsoft Visual Studio Solution File, Format Version 12.00
# Visual Studio Version 17
VisualStudioVersion = 17.5.33627.172
MinimumVisualStudioVersion = 10.0.40219.1
Project("{9A19103F-16F7-4668-BE54-9A1E7A4F7556}") = "AppPlatform.Server", "Server\AppPlatform.Server.csproj", "{3E3A094C-5823-44F6-B2EB-5A0AA7EAE2E7}"
EndProject
Project("{9A19103F-16F7-4668-BE54-9A1E7A4F7556}") = "AppPlatform.Tests", "Tests\AppPlatform.Tests.csproj", "{95F44499-4F20-4845-9326-FFCEF8F0EE09}"
EndProject
Project("{9A19103F-16F7-4668-BE54-9A1E7A4F7556}") = "AppPlatform.Core", "Core\AppPlatform.Core.csproj", "{605E28B6-C53F-4B7A-9FDD-2C6A6025203B}"
EndProject
Project("{9A19103F-16F7-4668-BE54-9A1E7A4F7556}") = "AppPlatform.SharedModule", "AppPlatform.Shared\AppPlatform.SharedModule.csproj", "{F30E2F32-A213-4B16-8DA3-D8ED866E0E29}"
EndProject
Project("{9A19103F-16F7-4668-BE54-9A1E7A4F7556}") = "AppPlatform.ViewSettingsModule", "AppPlatform.ViewsSettingsModule\AppPlatform.ViewSettingsModule.csproj", "{280AE21A-A849-4260-BA9A-AAF7E8EF73B3}"
EndProject
Project("{9A19103F-16F7-4668-BE54-9A1E7A4F7556}") = "AppPlatform.UserRightSettingsModule", "AppPlatform.UserRightSettingsModule\AppPlatform.UserRightSettingsModule.csproj", "{32CEA537-E386-45F5-A7A0-FE0420602174}"
EndProject
Project("{9A19103F-16F7-4668-BE54-9A1E7A4F7556}") = "AppPlatform.BidconBrowserModule", "AppPlatform.BidconBrowserModule\AppPlatform.BidconBrowserModule.csproj", "{9EB5E697-263D-4E41-89AA-139FBB535141}"
EndProject
Project("{2150E333-8FDC-42A3-9474-1A3956D46DE8}") = "Modules", "Modules", "{1C729BF8-F548-4232-B8B7-E17629A7A64F}"
EndProject
Project("{2150E333-8FDC-42A3-9474-1A3956D46DE8}") = "SharedLibraries", "SharedLibraries", "{07D38B12-2A6F-44DB-9F99-6610B2272DC1}"
EndProject
Project("{FAE04EC0-301F-11D3-BF4B-00C04F79EFBC}") = "AppPlatform.BidconAccessModule", "AppPlatform.BidconAccessModule\AppPlatform.BidconAccessModule.csproj", "{70911BCB-38B1-4BF9-A8C7-2DB714BFC145}"
EndProject
Project("{FAE04EC0-301F-11D3-BF4B-00C04F79EFBC}") = "AppPlatform.Data", "AppPlatform.Data\AppPlatform.Data.csproj", "{D780FC85-818D-4A5A-9263-CD37B1C00DEB}"
EndProject
Global
	GlobalSection(SolutionConfigurationPlatforms) = preSolution
		Debug|Any CPU = Debug|Any CPU
		Release|Any CPU = Release|Any CPU
	EndGlobalSection
	GlobalSection(ProjectConfigurationPlatforms) = postSolution
		{3E3A094C-5823-44F6-B2EB-5A0AA7EAE2E7}.Debug|Any CPU.ActiveCfg = Debug|Any CPU
		{3E3A094C-5823-44F6-B2EB-5A0AA7EAE2E7}.Debug|Any CPU.Build.0 = Debug|Any CPU
		{3E3A094C-5823-44F6-B2EB-5A0AA7EAE2E7}.Release|Any CPU.ActiveCfg = Release|Any CPU
		{3E3A094C-5823-44F6-B2EB-5A0AA7EAE2E7}.Release|Any CPU.Build.0 = Release|Any CPU
		{95F44499-4F20-4845-9326-FFCEF8F0EE09}.Debug|Any CPU.ActiveCfg = Debug|Any CPU
		{95F44499-4F20-4845-9326-FFCEF8F0EE09}.Debug|Any CPU.Build.0 = Debug|Any CPU
		{95F44499-4F20-4845-9326-FFCEF8F0EE09}.Release|Any CPU.ActiveCfg = Release|Any CPU
		{95F44499-4F20-4845-9326-FFCEF8F0EE09}.Release|Any CPU.Build.0 = Release|Any CPU
		{605E28B6-C53F-4B7A-9FDD-2C6A6025203B}.Debug|Any CPU.ActiveCfg = Debug|Any CPU
		{605E28B6-C53F-4B7A-9FDD-2C6A6025203B}.Debug|Any CPU.Build.0 = Debug|Any CPU
		{605E28B6-C53F-4B7A-9FDD-2C6A6025203B}.Release|Any CPU.ActiveCfg = Release|Any CPU
		{605E28B6-C53F-4B7A-9FDD-2C6A6025203B}.Release|Any CPU.Build.0 = Release|Any CPU
		{F30E2F32-A213-4B16-8DA3-D8ED866E0E29}.Debug|Any CPU.ActiveCfg = Debug|Any CPU
		{F30E2F32-A213-4B16-8DA3-D8ED866E0E29}.Debug|Any CPU.Build.0 = Debug|Any CPU
		{F30E2F32-A213-4B16-8DA3-D8ED866E0E29}.Release|Any CPU.ActiveCfg = Release|Any CPU
		{F30E2F32-A213-4B16-8DA3-D8ED866E0E29}.Release|Any CPU.Build.0 = Release|Any CPU
		{280AE21A-A849-4260-BA9A-AAF7E8EF73B3}.Debug|Any CPU.ActiveCfg = Debug|Any CPU
		{280AE21A-A849-4260-BA9A-AAF7E8EF73B3}.Debug|Any CPU.Build.0 = Debug|Any CPU
		{280AE21A-A849-4260-BA9A-AAF7E8EF73B3}.Release|Any CPU.ActiveCfg = Release|Any CPU
		{280AE21A-A849-4260-BA9A-AAF7E8EF73B3}.Release|Any CPU.Build.0 = Release|Any CPU
		{32CEA537-E386-45F5-A7A0-FE0420602174}.Debug|Any CPU.ActiveCfg = Debug|Any CPU
		{32CEA537-E386-45F5-A7A0-FE0420602174}.Debug|Any CPU.Build.0 = Debug|Any CPU
		{32CEA537-E386-45F5-A7A0-FE0420602174}.Release|Any CPU.ActiveCfg = Release|Any CPU
		{32CEA537-E386-45F5-A7A0-FE0420602174}.Release|Any CPU.Build.0 = Release|Any CPU
		{9EB5E697-263D-4E41-89AA-139FBB535141}.Debug|Any CPU.ActiveCfg = Debug|Any CPU
		{9EB5E697-263D-4E41-89AA-139FBB535141}.Debug|Any CPU.Build.0 = Debug|Any CPU
		{9EB5E697-263D-4E41-89AA-139FBB535141}.Release|Any CPU.ActiveCfg = Release|Any CPU
		{9EB5E697-263D-4E41-89AA-139FBB535141}.Release|Any CPU.Build.0 = Release|Any CPU
		{70911BCB-38B1-4BF9-A8C7-2DB714BFC145}.Debug|Any CPU.ActiveCfg = Debug|Any CPU
		{70911BCB-38B1-4BF9-A8C7-2DB714BFC145}.Debug|Any CPU.Build.0 = Debug|Any CPU
		{70911BCB-38B1-4BF9-A8C7-2DB714BFC145}.Release|Any CPU.ActiveCfg = Release|Any CPU
		{70911BCB-38B1-4BF9-A8C7-2DB714BFC145}.Release|Any CPU.Build.0 = Release|Any CPU
		{D780FC85-818D-4A5A-9263-CD37B1C00DEB}.Debug|Any CPU.ActiveCfg = Debug|Any CPU
		{D780FC85-818D-4A5A-9263-CD37B1C00DEB}.Debug|Any CPU.Build.0 = Debug|Any CPU
		{D780FC85-818D-4A5A-9263-CD37B1C00DEB}.Release|Any CPU.ActiveCfg = Release|Any CPU
		{D780FC85-818D-4A5A-9263-CD37B1C00DEB}.Release|Any CPU.Build.0 = Release|Any CPU
	EndGlobalSection
	GlobalSection(SolutionProperties) = preSolution
		HideSolutionNode = FALSE
	EndGlobalSection
	GlobalSection(NestedProjects) = preSolution
		{605E28B6-C53F-4B7A-9FDD-2C6A6025203B} = {07D38B12-2A6F-44DB-9F99-6610B2272DC1}
		{F30E2F32-A213-4B16-8DA3-D8ED866E0E29} = {07D38B12-2A6F-44DB-9F99-6610B2272DC1}
		{280AE21A-A849-4260-BA9A-AAF7E8EF73B3} = {1C729BF8-F548-4232-B8B7-E17629A7A64F}
		{32CEA537-E386-45F5-A7A0-FE0420602174} = {1C729BF8-F548-4232-B8B7-E17629A7A64F}
		{9EB5E697-263D-4E41-89AA-139FBB535141} = {1C729BF8-F548-4232-B8B7-E17629A7A64F}
		{70911BCB-38B1-4BF9-A8C7-2DB714BFC145} = {1C729BF8-F548-4232-B8B7-E17629A7A64F}
		{D780FC85-818D-4A5A-9263-CD37B1C00DEB} = {07D38B12-2A6F-44DB-9F99-6610B2272DC1}
	EndGlobalSection
	GlobalSection(ExtensibilityGlobals) = postSolution
		SolutionGuid = {6E90DC8A-48FE-4E1A-93DE-F049D278F5A4}
	EndGlobalSection
EndGlobal
