
Microsoft Visual Studio Solution File, Format Version 12.00
# Visual Studio Version 17
VisualStudioVersion = 17.5.33627.172
MinimumVisualStudioVersion = 10.0.40219.1
Project("{2150E333-8FDC-42A3-9474-1A3956D46DE8}") = "Collie", "Collie", "{B198FC47-81C1-497F-B7F7-4C0658ECA983}"
EndProject
Project("{2150E333-8FDC-42A3-9474-1A3956D46DE8}") = "BidConReport", "BidConReport", "{0CFCF6AC-1F1C-4E38-99D3-2D85DC0B6BA8}"
EndProject
Project("{9A19103F-16F7-4668-BE54-9A1E7A4F7556}") = "Collie.Client", "Collie\Client\Collie.Client.csproj", "{CFF3FA92-F5DC-453D-9398-1F8B08F8D974}"
EndProject
Project("{9A19103F-16F7-4668-BE54-9A1E7A4F7556}") = "Collie.Server", "Collie\Server\Collie.Server.csproj", "{9F94B64C-E13B-47AF-9E0B-262F258350DF}"
EndProject
Project("{9A19103F-16F7-4668-BE54-9A1E7A4F7556}") = "Collie.Shared", "Collie\Shared\Collie.Shared.csproj", "{4B394B7B-C4E4-4CFE-93AF-5196D4C26C1C}"
EndProject
Project("{9A19103F-16F7-4668-BE54-9A1E7A4F7556}") = "Collie.Tests", "Collie\Tests\Collie.Tests.csproj", "{4BFCF3E7-592F-4420-8270-F5CC3C4E7FD1}"
EndProject
Project("{9A19103F-16F7-4668-BE54-9A1E7A4F7556}") = "BidConReport.Client", "BidConReport\Client\BidConReport.Client.csproj", "{3F3D2F98-13A7-429A-BD8F-1D6118A54538}"
EndProject
Project("{9A19103F-16F7-4668-BE54-9A1E7A4F7556}") = "BidConReport.DesktopBridge", "BidConReport\DesktopBridge\BidConReport.DesktopBridge.csproj", "{2DF3E0A2-E3CE-455A-906C-70B1B362A41C}"
EndProject
Project("{9A19103F-16F7-4668-BE54-9A1E7A4F7556}") = "BidConReport.Server", "BidConReport\Server\BidConReport.Server.csproj", "{AA3E4A75-69AD-4496-8B33-FA56FBFE052C}"
EndProject
Project("{9A19103F-16F7-4668-BE54-9A1E7A4F7556}") = "BidConReport.Shared", "BidConReport\Shared\BidConReport.Shared.csproj", "{671755AE-99ED-4397-9EDF-9D5DD70DD055}"
EndProject
Project("{9A19103F-16F7-4668-BE54-9A1E7A4F7556}") = "HostingWebApp", "HostingWebApp\HostingWebApp.csproj", "{F51F6002-0B8B-4340-8FFA-C47B5B7A931D}"
EndProject
Project("{2150E333-8FDC-42A3-9474-1A3956D46DE8}") = "Shared Libraries", "Shared Libraries", "{1BC1C62C-17E7-44BF-A895-BF15472D62D8}"
EndProject
Project("{9A19103F-16F7-4668-BE54-9A1E7A4F7556}") = "SharedWasmLibrary", "Shared Libraries\SharedWasmLibrary\SharedWasmLibrary.csproj", "{B54D7BC7-A5DB-4464-BD24-971B4E71710E}"
EndProject
Project("{2150E333-8FDC-42A3-9474-1A3956D46DE8}") = "License", "License", "{DABA1554-1113-47C0-B948-60B8F7029200}"
EndProject
Project("{9A19103F-16F7-4668-BE54-9A1E7A4F7556}") = "License.Api", "License\License.Api\License.Api.csproj", "{D4E354F9-F046-4464-AB1D-0971B60452DD}"
EndProject
Project("{9A19103F-16F7-4668-BE54-9A1E7A4F7556}") = "SharedPlatformLibrary", "SharedPlatformLibrary\SharedPlatformLibrary.csproj", "{061A0CDA-C6F8-481A-B757-44BDF4170526}"
EndProject
Project("{9A19103F-16F7-4668-BE54-9A1E7A4F7556}") = "BidconReport.Tests", "BidConReport\Tests\BidconReport.Tests.csproj", "{459B3A5F-D14B-42E2-A8D6-D92828E80A35}"
EndProject
Project("{9A19103F-16F7-4668-BE54-9A1E7A4F7556}") = "License.Tests", "License\Tests\License.Tests.csproj", "{E0018101-83A0-4F65-9583-EF8DE28E59E0}"
EndProject
Project("{9A19103F-16F7-4668-BE54-9A1E7A4F7556}") = "SharedLibrarieTests", "SharedLibrarieTests\SharedLibrarieTests.csproj", "{7D81C4EF-972E-4667-B72C-2B8DEFA442E5}"
EndProject
Project("{9A19103F-16F7-4668-BE54-9A1E7A4F7556}") = "BidConReport.BidconAccess", "BidConReport\DirectAccess\BidConReport.BidconAccess.csproj", "{5A578ACF-8C5F-406F-A030-F9EBA6776997}"
EndProject
Global
	GlobalSection(SolutionConfigurationPlatforms) = preSolution
		Debug|Any CPU = Debug|Any CPU
		Release|Any CPU = Release|Any CPU
	EndGlobalSection
	GlobalSection(ProjectConfigurationPlatforms) = postSolution
		{CFF3FA92-F5DC-453D-9398-1F8B08F8D974}.Debug|Any CPU.ActiveCfg = Debug|Any CPU
		{CFF3FA92-F5DC-453D-9398-1F8B08F8D974}.Debug|Any CPU.Build.0 = Debug|Any CPU
		{CFF3FA92-F5DC-453D-9398-1F8B08F8D974}.Release|Any CPU.ActiveCfg = Release|Any CPU
		{CFF3FA92-F5DC-453D-9398-1F8B08F8D974}.Release|Any CPU.Build.0 = Release|Any CPU
		{9F94B64C-E13B-47AF-9E0B-262F258350DF}.Debug|Any CPU.ActiveCfg = Debug|Any CPU
		{9F94B64C-E13B-47AF-9E0B-262F258350DF}.Debug|Any CPU.Build.0 = Debug|Any CPU
		{9F94B64C-E13B-47AF-9E0B-262F258350DF}.Release|Any CPU.ActiveCfg = Release|Any CPU
		{9F94B64C-E13B-47AF-9E0B-262F258350DF}.Release|Any CPU.Build.0 = Release|Any CPU
		{4B394B7B-C4E4-4CFE-93AF-5196D4C26C1C}.Debug|Any CPU.ActiveCfg = Debug|Any CPU
		{4B394B7B-C4E4-4CFE-93AF-5196D4C26C1C}.Debug|Any CPU.Build.0 = Debug|Any CPU
		{4B394B7B-C4E4-4CFE-93AF-5196D4C26C1C}.Release|Any CPU.ActiveCfg = Release|Any CPU
		{4B394B7B-C4E4-4CFE-93AF-5196D4C26C1C}.Release|Any CPU.Build.0 = Release|Any CPU
		{4BFCF3E7-592F-4420-8270-F5CC3C4E7FD1}.Debug|Any CPU.ActiveCfg = Debug|Any CPU
		{4BFCF3E7-592F-4420-8270-F5CC3C4E7FD1}.Debug|Any CPU.Build.0 = Debug|Any CPU
		{4BFCF3E7-592F-4420-8270-F5CC3C4E7FD1}.Release|Any CPU.ActiveCfg = Release|Any CPU
		{4BFCF3E7-592F-4420-8270-F5CC3C4E7FD1}.Release|Any CPU.Build.0 = Release|Any CPU
		{3F3D2F98-13A7-429A-BD8F-1D6118A54538}.Debug|Any CPU.ActiveCfg = Debug|Any CPU
		{3F3D2F98-13A7-429A-BD8F-1D6118A54538}.Debug|Any CPU.Build.0 = Debug|Any CPU
		{3F3D2F98-13A7-429A-BD8F-1D6118A54538}.Release|Any CPU.ActiveCfg = Release|Any CPU
		{3F3D2F98-13A7-429A-BD8F-1D6118A54538}.Release|Any CPU.Build.0 = Release|Any CPU
		{2DF3E0A2-E3CE-455A-906C-70B1B362A41C}.Debug|Any CPU.ActiveCfg = Debug|Any CPU
		{2DF3E0A2-E3CE-455A-906C-70B1B362A41C}.Debug|Any CPU.Build.0 = Debug|Any CPU
		{2DF3E0A2-E3CE-455A-906C-70B1B362A41C}.Release|Any CPU.ActiveCfg = Release|Any CPU
		{2DF3E0A2-E3CE-455A-906C-70B1B362A41C}.Release|Any CPU.Build.0 = Release|Any CPU
		{AA3E4A75-69AD-4496-8B33-FA56FBFE052C}.Debug|Any CPU.ActiveCfg = Debug|Any CPU
		{AA3E4A75-69AD-4496-8B33-FA56FBFE052C}.Debug|Any CPU.Build.0 = Debug|Any CPU
		{AA3E4A75-69AD-4496-8B33-FA56FBFE052C}.Release|Any CPU.ActiveCfg = Release|Any CPU
		{AA3E4A75-69AD-4496-8B33-FA56FBFE052C}.Release|Any CPU.Build.0 = Release|Any CPU
		{671755AE-99ED-4397-9EDF-9D5DD70DD055}.Debug|Any CPU.ActiveCfg = Debug|Any CPU
		{671755AE-99ED-4397-9EDF-9D5DD70DD055}.Debug|Any CPU.Build.0 = Debug|Any CPU
		{671755AE-99ED-4397-9EDF-9D5DD70DD055}.Release|Any CPU.ActiveCfg = Release|Any CPU
		{671755AE-99ED-4397-9EDF-9D5DD70DD055}.Release|Any CPU.Build.0 = Release|Any CPU
		{F51F6002-0B8B-4340-8FFA-C47B5B7A931D}.Debug|Any CPU.ActiveCfg = Debug|Any CPU
		{F51F6002-0B8B-4340-8FFA-C47B5B7A931D}.Debug|Any CPU.Build.0 = Debug|Any CPU
		{F51F6002-0B8B-4340-8FFA-C47B5B7A931D}.Release|Any CPU.ActiveCfg = Release|Any CPU
		{F51F6002-0B8B-4340-8FFA-C47B5B7A931D}.Release|Any CPU.Build.0 = Release|Any CPU
		{B54D7BC7-A5DB-4464-BD24-971B4E71710E}.Debug|Any CPU.ActiveCfg = Debug|Any CPU
		{B54D7BC7-A5DB-4464-BD24-971B4E71710E}.Debug|Any CPU.Build.0 = Debug|Any CPU
		{B54D7BC7-A5DB-4464-BD24-971B4E71710E}.Release|Any CPU.ActiveCfg = Release|Any CPU
		{B54D7BC7-A5DB-4464-BD24-971B4E71710E}.Release|Any CPU.Build.0 = Release|Any CPU
		{D4E354F9-F046-4464-AB1D-0971B60452DD}.Debug|Any CPU.ActiveCfg = Debug|Any CPU
		{D4E354F9-F046-4464-AB1D-0971B60452DD}.Debug|Any CPU.Build.0 = Debug|Any CPU
		{D4E354F9-F046-4464-AB1D-0971B60452DD}.Release|Any CPU.ActiveCfg = Release|Any CPU
		{D4E354F9-F046-4464-AB1D-0971B60452DD}.Release|Any CPU.Build.0 = Release|Any CPU
		{061A0CDA-C6F8-481A-B757-44BDF4170526}.Debug|Any CPU.ActiveCfg = Debug|Any CPU
		{061A0CDA-C6F8-481A-B757-44BDF4170526}.Debug|Any CPU.Build.0 = Debug|Any CPU
		{061A0CDA-C6F8-481A-B757-44BDF4170526}.Release|Any CPU.ActiveCfg = Release|Any CPU
		{061A0CDA-C6F8-481A-B757-44BDF4170526}.Release|Any CPU.Build.0 = Release|Any CPU
		{459B3A5F-D14B-42E2-A8D6-D92828E80A35}.Debug|Any CPU.ActiveCfg = Debug|Any CPU
		{459B3A5F-D14B-42E2-A8D6-D92828E80A35}.Debug|Any CPU.Build.0 = Debug|Any CPU
		{459B3A5F-D14B-42E2-A8D6-D92828E80A35}.Release|Any CPU.ActiveCfg = Release|Any CPU
		{459B3A5F-D14B-42E2-A8D6-D92828E80A35}.Release|Any CPU.Build.0 = Release|Any CPU
		{E0018101-83A0-4F65-9583-EF8DE28E59E0}.Debug|Any CPU.ActiveCfg = Debug|Any CPU
		{E0018101-83A0-4F65-9583-EF8DE28E59E0}.Debug|Any CPU.Build.0 = Debug|Any CPU
		{E0018101-83A0-4F65-9583-EF8DE28E59E0}.Release|Any CPU.ActiveCfg = Release|Any CPU
		{E0018101-83A0-4F65-9583-EF8DE28E59E0}.Release|Any CPU.Build.0 = Release|Any CPU
		{7D81C4EF-972E-4667-B72C-2B8DEFA442E5}.Debug|Any CPU.ActiveCfg = Debug|Any CPU
		{7D81C4EF-972E-4667-B72C-2B8DEFA442E5}.Debug|Any CPU.Build.0 = Debug|Any CPU
		{7D81C4EF-972E-4667-B72C-2B8DEFA442E5}.Release|Any CPU.ActiveCfg = Release|Any CPU
		{7D81C4EF-972E-4667-B72C-2B8DEFA442E5}.Release|Any CPU.Build.0 = Release|Any CPU
		{5A578ACF-8C5F-406F-A030-F9EBA6776997}.Debug|Any CPU.ActiveCfg = Debug|Any CPU
		{5A578ACF-8C5F-406F-A030-F9EBA6776997}.Debug|Any CPU.Build.0 = Debug|Any CPU
		{5A578ACF-8C5F-406F-A030-F9EBA6776997}.Release|Any CPU.ActiveCfg = Release|Any CPU
		{5A578ACF-8C5F-406F-A030-F9EBA6776997}.Release|Any CPU.Build.0 = Release|Any CPU
	EndGlobalSection
	GlobalSection(SolutionProperties) = preSolution
		HideSolutionNode = FALSE
	EndGlobalSection
	GlobalSection(NestedProjects) = preSolution
		{CFF3FA92-F5DC-453D-9398-1F8B08F8D974} = {B198FC47-81C1-497F-B7F7-4C0658ECA983}
		{9F94B64C-E13B-47AF-9E0B-262F258350DF} = {B198FC47-81C1-497F-B7F7-4C0658ECA983}
		{4B394B7B-C4E4-4CFE-93AF-5196D4C26C1C} = {B198FC47-81C1-497F-B7F7-4C0658ECA983}
		{4BFCF3E7-592F-4420-8270-F5CC3C4E7FD1} = {B198FC47-81C1-497F-B7F7-4C0658ECA983}
		{3F3D2F98-13A7-429A-BD8F-1D6118A54538} = {0CFCF6AC-1F1C-4E38-99D3-2D85DC0B6BA8}
		{2DF3E0A2-E3CE-455A-906C-70B1B362A41C} = {0CFCF6AC-1F1C-4E38-99D3-2D85DC0B6BA8}
		{AA3E4A75-69AD-4496-8B33-FA56FBFE052C} = {0CFCF6AC-1F1C-4E38-99D3-2D85DC0B6BA8}
		{671755AE-99ED-4397-9EDF-9D5DD70DD055} = {0CFCF6AC-1F1C-4E38-99D3-2D85DC0B6BA8}
		{B54D7BC7-A5DB-4464-BD24-971B4E71710E} = {1BC1C62C-17E7-44BF-A895-BF15472D62D8}
		{D4E354F9-F046-4464-AB1D-0971B60452DD} = {DABA1554-1113-47C0-B948-60B8F7029200}
		{061A0CDA-C6F8-481A-B757-44BDF4170526} = {1BC1C62C-17E7-44BF-A895-BF15472D62D8}
		{459B3A5F-D14B-42E2-A8D6-D92828E80A35} = {0CFCF6AC-1F1C-4E38-99D3-2D85DC0B6BA8}
		{E0018101-83A0-4F65-9583-EF8DE28E59E0} = {DABA1554-1113-47C0-B948-60B8F7029200}
		{7D81C4EF-972E-4667-B72C-2B8DEFA442E5} = {1BC1C62C-17E7-44BF-A895-BF15472D62D8}
		{5A578ACF-8C5F-406F-A030-F9EBA6776997} = {0CFCF6AC-1F1C-4E38-99D3-2D85DC0B6BA8}
	EndGlobalSection
	GlobalSection(ExtensibilityGlobals) = postSolution
		SolutionGuid = {6E90DC8A-48FE-4E1A-93DE-F049D278F5A4}
	EndGlobalSection
EndGlobal
