
Microsoft Visual Studio Solution File, Format Version 12.00
# Visual Studio Version 17
VisualStudioVersion = 17.5.33627.172
MinimumVisualStudioVersion = 10.0.40219.1
Project("{FAE04EC0-301F-11D3-BF4B-00C04F79EFBC}") = "License.Api", "License.Api\License.Api.csproj", "{F072E621-6939-4C65-A24F-39C6B92B9FBF}"
EndProject
Global
	GlobalSection(SolutionConfigurationPlatforms) = preSolution
		Debug|Any CPU = Debug|Any CPU
		Release|Any CPU = Release|Any CPU
	EndGlobalSection
	GlobalSection(ProjectConfigurationPlatforms) = postSolution
		{F072E621-6939-4C65-A24F-39C6B92B9FBF}.Debug|Any CPU.ActiveCfg = Debug|Any CPU
		{F072E621-6939-4C65-A24F-39C6B92B9FBF}.Debug|Any CPU.Build.0 = Debug|Any CPU
		{F072E621-6939-4C65-A24F-39C6B92B9FBF}.Release|Any CPU.ActiveCfg = Release|Any CPU
		{F072E621-6939-4C65-A24F-39C6B92B9FBF}.Release|Any CPU.Build.0 = Release|Any CPU
	EndGlobalSection
	GlobalSection(SolutionProperties) = preSolution
		HideSolutionNode = FALSE
	EndGlobalSection
	GlobalSection(ExtensibilityGlobals) = postSolution
		SolutionGuid = {F177CFDE-DBD2-494B-8DC6-DCF84086F7F6}
	EndGlobalSection
EndGlobal
